// !$*UTF8*$!
{
	archiveVersion = 1;
	classes = {
	};
	objectVersion = 56;
	objects = {

/* Begin PBXBuildFile section */
		4843F3212B884F6C004450DB /* AppDelegate.swift in Sources */ = {isa = PBXBuildFile; fileRef = 4843F3202B884F6C004450DB /* AppDelegate.swift */; };
		4843F3232B884F6C004450DB /* SceneDelegate.swift in Sources */ = {isa = PBXBuildFile; fileRef = 4843F3222B884F6C004450DB /* SceneDelegate.swift */; };
		4843F3252B884F6C004450DB /* ViewController.swift in Sources */ = {isa = PBXBuildFile; fileRef = 4843F3242B884F6C004450DB /* ViewController.swift */; };
		4843F3282B884F6C004450DB /* Main.storyboard in Resources */ = {isa = PBXBuildFile; fileRef = 4843F3262B884F6C004450DB /* Main.storyboard */; };
		4843F32A2B884F74004450DB /* Assets.xcassets in Resources */ = {isa = PBXBuildFile; fileRef = 4843F3292B884F74004450DB /* Assets.xcassets */; };
		4843F32D2B884F74004450DB /* LaunchScreen.storyboard in Resources */ = {isa = PBXBuildFile; fileRef = 4843F32B2B884F74004450DB /* LaunchScreen.storyboard */; };
		4843F3382B884F74004450DB /* IOSPROJECTTEAM04Tests.swift in Sources */ = {isa = PBXBuildFile; fileRef = 4843F3372B884F74004450DB /* IOSPROJECTTEAM04Tests.swift */; };
		4843F3422B884F74004450DB /* IOSPROJECTTEAM04UITests.swift in Sources */ = {isa = PBXBuildFile; fileRef = 4843F3412B884F74004450DB /* IOSPROJECTTEAM04UITests.swift */; };
		4843F3442B884F74004450DB /* IOSPROJECTTEAM04UITestsLaunchTests.swift in Sources */ = {isa = PBXBuildFile; fileRef = 4843F3432B884F74004450DB /* IOSPROJECTTEAM04UITestsLaunchTests.swift */; };
/* End PBXBuildFile section */

/* Begin PBXContainerItemProxy section */
		4843F3342B884F74004450DB /* PBXContainerItemProxy */ = {
			isa = PBXContainerItemProxy;
			containerPortal = 4843F3152B884F6C004450DB /* Project object */;
			proxyType = 1;
			remoteGlobalIDString = 4843F31C2B884F6C004450DB;
			remoteInfo = IOSPROJECTTEAM04;
		};
		4843F33E2B884F74004450DB /* PBXContainerItemProxy */ = {
			isa = PBXContainerItemProxy;
			containerPortal = 4843F3152B884F6C004450DB /* Project object */;
			proxyType = 1;
			remoteGlobalIDString = 4843F31C2B884F6C004450DB;
			remoteInfo = IOSPROJECTTEAM04;
		};
/* End PBXContainerItemProxy section */

/* Begin PBXFileReference section */
		4843F31D2B884F6C004450DB /* IOSPROJECTTEAM04.app */ = {isa = PBXFileReference; explicitFileType = wrapper.application; includeInIndex = 0; path = IOSPROJECTTEAM04.app; sourceTree = BUILT_PRODUCTS_DIR; };
		4843F3202B884F6C004450DB /* AppDelegate.swift */ = {isa = PBXFileReference; lastKnownFileType = sourcecode.swift; path = AppDelegate.swift; sourceTree = "<group>"; };
		4843F3222B884F6C004450DB /* SceneDelegate.swift */ = {isa = PBXFileReference; lastKnownFileType = sourcecode.swift; path = SceneDelegate.swift; sourceTree = "<group>"; };
		4843F3242B884F6C004450DB /* ViewController.swift */ = {isa = PBXFileReference; lastKnownFileType = sourcecode.swift; path = ViewController.swift; sourceTree = "<group>"; };
		4843F3272B884F6C004450DB /* Base */ = {isa = PBXFileReference; lastKnownFileType = file.storyboard; name = Base; path = Base.lproj/Main.storyboard; sourceTree = "<group>"; };
		4843F3292B884F74004450DB /* Assets.xcassets */ = {isa = PBXFileReference; lastKnownFileType = folder.assetcatalog; path = Assets.xcassets; sourceTree = "<group>"; };
		4843F32C2B884F74004450DB /* Base */ = {isa = PBXFileReference; lastKnownFileType = file.storyboard; name = Base; path = Base.lproj/LaunchScreen.storyboard; sourceTree = "<group>"; };
		4843F32E2B884F74004450DB /* Info.plist */ = {isa = PBXFileReference; lastKnownFileType = text.plist.xml; path = Info.plist; sourceTree = "<group>"; };
		4843F3332B884F74004450DB /* IOSPROJECTTEAM04Tests.xctest */ = {isa = PBXFileReference; explicitFileType = wrapper.cfbundle; includeInIndex = 0; path = IOSPROJECTTEAM04Tests.xctest; sourceTree = BUILT_PRODUCTS_DIR; };
		4843F3372B884F74004450DB /* IOSPROJECTTEAM04Tests.swift */ = {isa = PBXFileReference; lastKnownFileType = sourcecode.swift; path = IOSPROJECTTEAM04Tests.swift; sourceTree = "<group>"; };
		4843F33D2B884F74004450DB /* IOSPROJECTTEAM04UITests.xctest */ = {isa = PBXFileReference; explicitFileType = wrapper.cfbundle; includeInIndex = 0; path = IOSPROJECTTEAM04UITests.xctest; sourceTree = BUILT_PRODUCTS_DIR; };
		4843F3412B884F74004450DB /* IOSPROJECTTEAM04UITests.swift */ = {isa = PBXFileReference; lastKnownFileType = sourcecode.swift; path = IOSPROJECTTEAM04UITests.swift; sourceTree = "<group>"; };
		4843F3432B884F74004450DB /* IOSPROJECTTEAM04UITestsLaunchTests.swift */ = {isa = PBXFileReference; lastKnownFileType = sourcecode.swift; path = IOSPROJECTTEAM04UITestsLaunchTests.swift; sourceTree = "<group>"; };
/* End PBXFileReference section */

/* Begin PBXFrameworksBuildPhase section */
		4843F31A2B884F6C004450DB /* Frameworks */ = {
			isa = PBXFrameworksBuildPhase;
			buildActionMask = 2147483647;
			files = (
			);
			runOnlyForDeploymentPostprocessing = 0;
		};
		4843F3302B884F74004450DB /* Frameworks */ = {
			isa = PBXFrameworksBuildPhase;
			buildActionMask = 2147483647;
			files = (
			);
			runOnlyForDeploymentPostprocessing = 0;
		};
		4843F33A2B884F74004450DB /* Frameworks */ = {
			isa = PBXFrameworksBuildPhase;
			buildActionMask = 2147483647;
			files = (
			);
			runOnlyForDeploymentPostprocessing = 0;
		};
/* End PBXFrameworksBuildPhase section */

/* Begin PBXGroup section */
		4843F3142B884F6C004450DB = {
			isa = PBXGroup;
			children = (
				4843F31F2B884F6C004450DB /* IOSPROJECTTEAM04 */,
				4843F3362B884F74004450DB /* IOSPROJECTTEAM04Tests */,
				4843F3402B884F74004450DB /* IOSPROJECTTEAM04UITests */,
				4843F31E2B884F6C004450DB /* Products */,
			);
			sourceTree = "<group>";
		};
		4843F31E2B884F6C004450DB /* Products */ = {
			isa = PBXGroup;
			children = (
				4843F31D2B884F6C004450DB /* IOSPROJECTTEAM04.app */,
				4843F3332B884F74004450DB /* IOSPROJECTTEAM04Tests.xctest */,
				4843F33D2B884F74004450DB /* IOSPROJECTTEAM04UITests.xctest */,
			);
			name = Products;
			sourceTree = "<group>";
		};
		4843F31F2B884F6C004450DB /* IOSPROJECTTEAM04 */ = {
			isa = PBXGroup;
			children = (
				4843F3202B884F6C004450DB /* AppDelegate.swift */,
				4843F3222B884F6C004450DB /* SceneDelegate.swift */,
				4843F3242B884F6C004450DB /* ViewController.swift */,
				4843F3262B884F6C004450DB /* Main.storyboard */,
				4843F3292B884F74004450DB /* Assets.xcassets */,
				4843F32B2B884F74004450DB /* LaunchScreen.storyboard */,
				4843F32E2B884F74004450DB /* Info.plist */,
			);
			path = IOSPROJECTTEAM04;
			sourceTree = "<group>";
		};
		4843F3362B884F74004450DB /* IOSPROJECTTEAM04Tests */ = {
			isa = PBXGroup;
			children = (
				4843F3372B884F74004450DB /* IOSPROJECTTEAM04Tests.swift */,
			);
			path = IOSPROJECTTEAM04Tests;
			sourceTree = "<group>";
		};
		4843F3402B884F74004450DB /* IOSPROJECTTEAM04UITests */ = {
			isa = PBXGroup;
			children = (
				4843F3412B884F74004450DB /* IOSPROJECTTEAM04UITests.swift */,
				4843F3432B884F74004450DB /* IOSPROJECTTEAM04UITestsLaunchTests.swift */,
			);
			path = IOSPROJECTTEAM04UITests;
			sourceTree = "<group>";
		};
/* End PBXGroup section */

/* Begin PBXNativeTarget section */
		4843F31C2B884F6C004450DB /* IOSPROJECTTEAM04 */ = {
			isa = PBXNativeTarget;
			buildConfigurationList = 4843F3472B884F74004450DB /* Build configuration list for PBXNativeTarget "IOSPROJECTTEAM04" */;
			buildPhases = (
				4843F3192B884F6C004450DB /* Sources */,
				4843F31A2B884F6C004450DB /* Frameworks */,
				4843F31B2B884F6C004450DB /* Resources */,
			);
			buildRules = (
			);
			dependencies = (
			);
			name = IOSPROJECTTEAM04;
			productName = IOSPROJECTTEAM04;
			productReference = 4843F31D2B884F6C004450DB /* IOSPROJECTTEAM04.app */;
			productType = "com.apple.product-type.application";
		};
		4843F3322B884F74004450DB /* IOSPROJECTTEAM04Tests */ = {
			isa = PBXNativeTarget;
			buildConfigurationList = 4843F34A2B884F74004450DB /* Build configuration list for PBXNativeTarget "IOSPROJECTTEAM04Tests" */;
			buildPhases = (
				4843F32F2B884F74004450DB /* Sources */,
				4843F3302B884F74004450DB /* Frameworks */,
				4843F3312B884F74004450DB /* Resources */,
			);
			buildRules = (
			);
			dependencies = (
				4843F3352B884F74004450DB /* PBXTargetDependency */,
			);
			name = IOSPROJECTTEAM04Tests;
			productName = IOSPROJECTTEAM04Tests;
			productReference = 4843F3332B884F74004450DB /* IOSPROJECTTEAM04Tests.xctest */;
			productType = "com.apple.product-type.bundle.unit-test";
		};
		4843F33C2B884F74004450DB /* IOSPROJECTTEAM04UITests */ = {
			isa = PBXNativeTarget;
			buildConfigurationList = 4843F34D2B884F74004450DB /* Build configuration list for PBXNativeTarget "IOSPROJECTTEAM04UITests" */;
			buildPhases = (
				4843F3392B884F74004450DB /* Sources */,
				4843F33A2B884F74004450DB /* Frameworks */,
				4843F33B2B884F74004450DB /* Resources */,
			);
			buildRules = (
			);
			dependencies = (
				4843F33F2B884F74004450DB /* PBXTargetDependency */,
			);
			name = IOSPROJECTTEAM04UITests;
			productName = IOSPROJECTTEAM04UITests;
			productReference = 4843F33D2B884F74004450DB /* IOSPROJECTTEAM04UITests.xctest */;
			productType = "com.apple.product-type.bundle.ui-testing";
		};
/* End PBXNativeTarget section */

/* Begin PBXProject section */
		4843F3152B884F6C004450DB /* Project object */ = {
			isa = PBXProject;
			attributes = {
				BuildIndependentTargetsInParallel = 1;
				LastSwiftUpdateCheck = 1520;
				LastUpgradeCheck = 1520;
				TargetAttributes = {
					4843F31C2B884F6C004450DB = {
						CreatedOnToolsVersion = 15.2;
					};
					4843F3322B884F74004450DB = {
						CreatedOnToolsVersion = 15.2;
						TestTargetID = 4843F31C2B884F6C004450DB;
					};
					4843F33C2B884F74004450DB = {
						CreatedOnToolsVersion = 15.2;
						TestTargetID = 4843F31C2B884F6C004450DB;
					};
				};
			};
			buildConfigurationList = 4843F3182B884F6C004450DB /* Build configuration list for PBXProject "IOSPROJECTTEAM04" */;
			compatibilityVersion = "Xcode 14.0";
			developmentRegion = en;
			hasScannedForEncodings = 0;
			knownRegions = (
				en,
				Base,
			);
			mainGroup = 4843F3142B884F6C004450DB;
			productRefGroup = 4843F31E2B884F6C004450DB /* Products */;
			projectDirPath = "";
			projectRoot = "";
			targets = (
				4843F31C2B884F6C004450DB /* IOSPROJECTTEAM04 */,
				4843F3322B884F74004450DB /* IOSPROJECTTEAM04Tests */,
				4843F33C2B884F74004450DB /* IOSPROJECTTEAM04UITests */,
			);
		};
/* End PBXProject section */

/* Begin PBXResourcesBuildPhase section */
		4843F31B2B884F6C004450DB /* Resources */ = {
			isa = PBXResourcesBuildPhase;
			buildActionMask = 2147483647;
			files = (
				4843F32D2B884F74004450DB /* LaunchScreen.storyboard in Resources */,
				4843F32A2B884F74004450DB /* Assets.xcassets in Resources */,
				4843F3282B884F6C004450DB /* Main.storyboard in Resources */,
			);
			runOnlyForDeploymentPostprocessing = 0;
		};
		4843F3312B884F74004450DB /* Resources */ = {
			isa = PBXResourcesBuildPhase;
			buildActionMask = 2147483647;
			files = (
			);
			runOnlyForDeploymentPostprocessing = 0;
		};
		4843F33B2B884F74004450DB /* Resources */ = {
			isa = PBXResourcesBuildPhase;
			buildActionMask = 2147483647;
			files = (
			);
			runOnlyForDeploymentPostprocessing = 0;
		};
/* End PBXResourcesBuildPhase section */

/* Begin PBXSourcesBuildPhase section */
		4843F3192B884F6C004450DB /* Sources */ = {
			isa = PBXSourcesBuildPhase;
			buildActionMask = 2147483647;
			files = (
				4843F3252B884F6C004450DB /* ViewController.swift in Sources */,
				4843F3212B884F6C004450DB /* AppDelegate.swift in Sources */,
				4843F3232B884F6C004450DB /* SceneDelegate.swift in Sources */,
			);
			runOnlyForDeploymentPostprocessing = 0;
		};
		4843F32F2B884F74004450DB /* Sources */ = {
			isa = PBXSourcesBuildPhase;
			buildActionMask = 2147483647;
			files = (
				4843F3382B884F74004450DB /* IOSPROJECTTEAM04Tests.swift in Sources */,
			);
			runOnlyForDeploymentPostprocessing = 0;
		};
		4843F3392B884F74004450DB /* Sources */ = {
			isa = PBXSourcesBuildPhase;
			buildActionMask = 2147483647;
			files = (
				4843F3422B884F74004450DB /* IOSPROJECTTEAM04UITests.swift in Sources */,
				4843F3442B884F74004450DB /* IOSPROJECTTEAM04UITestsLaunchTests.swift in Sources */,
			);
			runOnlyForDeploymentPostprocessing = 0;
		};
/* End PBXSourcesBuildPhase section */

/* Begin PBXTargetDependency section */
		4843F3352B884F74004450DB /* PBXTargetDependency */ = {
			isa = PBXTargetDependency;
			target = 4843F31C2B884F6C004450DB /* IOSPROJECTTEAM04 */;
			targetProxy = 4843F3342B884F74004450DB /* PBXContainerItemProxy */;
		};
		4843F33F2B884F74004450DB /* PBXTargetDependency */ = {
			isa = PBXTargetDependency;
			target = 4843F31C2B884F6C004450DB /* IOSPROJECTTEAM04 */;
			targetProxy = 4843F33E2B884F74004450DB /* PBXContainerItemProxy */;
		};
/* End PBXTargetDependency section */

/* Begin PBXVariantGroup section */
		4843F3262B884F6C004450DB /* Main.storyboard */ = {
			isa = PBXVariantGroup;
			children = (
				4843F3272B884F6C004450DB /* Base */,
			);
			name = Main.storyboard;
			sourceTree = "<group>";
		};
		4843F32B2B884F74004450DB /* LaunchScreen.storyboard */ = {
			isa = PBXVariantGroup;
			children = (
				4843F32C2B884F74004450DB /* Base */,
			);
			name = LaunchScreen.storyboard;
			sourceTree = "<group>";
		};
/* End PBXVariantGroup section */

/* Begin XCBuildConfiguration section */
		4843F3452B884F74004450DB /* Debug */ = {
			isa = XCBuildConfiguration;
			buildSettings = {
				ALWAYS_SEARCH_USER_PATHS = NO;
				ASSETCATALOG_COMPILER_GENERATE_SWIFT_ASSET_SYMBOL_EXTENSIONS = YES;
				CLANG_ANALYZER_NONNULL = YES;
				CLANG_ANALYZER_NUMBER_OBJECT_CONVERSION = YES_AGGRESSIVE;
				CLANG_CXX_LANGUAGE_STANDARD = "gnu++20";
				CLANG_ENABLE_MODULES = YES;
				CLANG_ENABLE_OBJC_ARC = YES;
				CLANG_ENABLE_OBJC_WEAK = YES;
				CLANG_WARN_BLOCK_CAPTURE_AUTORELEASING = YES;
				CLANG_WARN_BOOL_CONVERSION = YES;
				CLANG_WARN_COMMA = YES;
				CLANG_WARN_CONSTANT_CONVERSION = YES;
				CLANG_WARN_DEPRECATED_OBJC_IMPLEMENTATIONS = YES;
				CLANG_WARN_DIRECT_OBJC_ISA_USAGE = YES_ERROR;
				CLANG_WARN_DOCUMENTATION_COMMENTS = YES;
				CLANG_WARN_EMPTY_BODY = YES;
				CLANG_WARN_ENUM_CONVERSION = YES;
				CLANG_WARN_INFINITE_RECURSION = YES;
				CLANG_WARN_INT_CONVERSION = YES;
				CLANG_WARN_NON_LITERAL_NULL_CONVERSION = YES;
				CLANG_WARN_OBJC_IMPLICIT_RETAIN_SELF = YES;
				CLANG_WARN_OBJC_LITERAL_CONVERSION = YES;
				CLANG_WARN_OBJC_ROOT_CLASS = YES_ERROR;
				CLANG_WARN_QUOTED_INCLUDE_IN_FRAMEWORK_HEADER = YES;
				CLANG_WARN_RANGE_LOOP_ANALYSIS = YES;
				CLANG_WARN_STRICT_PROTOTYPES = YES;
				CLANG_WARN_SUSPICIOUS_MOVE = YES;
				CLANG_WARN_UNGUARDED_AVAILABILITY = YES_AGGRESSIVE;
				CLANG_WARN_UNREACHABLE_CODE = YES;
				CLANG_WARN__DUPLICATE_METHOD_MATCH = YES;
				COPY_PHASE_STRIP = NO;
				DEBUG_INFORMATION_FORMAT = dwarf;
				ENABLE_STRICT_OBJC_MSGSEND = YES;
				ENABLE_TESTABILITY = YES;
				ENABLE_USER_SCRIPT_SANDBOXING = YES;
				GCC_C_LANGUAGE_STANDARD = gnu17;
				GCC_DYNAMIC_NO_PIC = NO;
				GCC_NO_COMMON_BLOCKS = YES;
				GCC_OPTIMIZATION_LEVEL = 0;
				GCC_PREPROCESSOR_DEFINITIONS = (
					"DEBUG=1",
					"$(inherited)",
				);
				GCC_WARN_64_TO_32_BIT_CONVERSION = YES;
				GCC_WARN_ABOUT_RETURN_TYPE = YES_ERROR;
				GCC_WARN_UNDECLARED_SELECTOR = YES;
				GCC_WARN_UNINITIALIZED_AUTOS = YES_AGGRESSIVE;
				GCC_WARN_UNUSED_FUNCTION = YES;
				GCC_WARN_UNUSED_VARIABLE = YES;
				IPHONEOS_DEPLOYMENT_TARGET = 17.2;
				LOCALIZATION_PREFERS_STRING_CATALOGS = YES;
				MTL_ENABLE_DEBUG_INFO = INCLUDE_SOURCE;
				MTL_FAST_MATH = YES;
				ONLY_ACTIVE_ARCH = YES;
				SDKROOT = iphoneos;
				SWIFT_ACTIVE_COMPILATION_CONDITIONS = "DEBUG $(inherited)";
				SWIFT_OPTIMIZATION_LEVEL = "-Onone";
			};
			name = Debug;
		};
		4843F3462B884F74004450DB /* Release */ = {
			isa = XCBuildConfiguration;
			buildSettings = {
				ALWAYS_SEARCH_USER_PATHS = NO;
				ASSETCATALOG_COMPILER_GENERATE_SWIFT_ASSET_SYMBOL_EXTENSIONS = YES;
				CLANG_ANALYZER_NONNULL = YES;
				CLANG_ANALYZER_NUMBER_OBJECT_CONVERSION = YES_AGGRESSIVE;
				CLANG_CXX_LANGUAGE_STANDARD = "gnu++20";
				CLANG_ENABLE_MODULES = YES;
				CLANG_ENABLE_OBJC_ARC = YES;
				CLANG_ENABLE_OBJC_WEAK = YES;
				CLANG_WARN_BLOCK_CAPTURE_AUTORELEASING = YES;
				CLANG_WARN_BOOL_CONVERSION = YES;
				CLANG_WARN_COMMA = YES;
				CLANG_WARN_CONSTANT_CONVERSION = YES;
				CLANG_WARN_DEPRECATED_OBJC_IMPLEMENTATIONS = YES;
				CLANG_WARN_DIRECT_OBJC_ISA_USAGE = YES_ERROR;
				CLANG_WARN_DOCUMENTATION_COMMENTS = YES;
				CLANG_WARN_EMPTY_BODY = YES;
				CLANG_WARN_ENUM_CONVERSION = YES;
				CLANG_WARN_INFINITE_RECURSION = YES;
				CLANG_WARN_INT_CONVERSION = YES;
				CLANG_WARN_NON_LITERAL_NULL_CONVERSION = YES;
				CLANG_WARN_OBJC_IMPLICIT_RETAIN_SELF = YES;
				CLANG_WARN_OBJC_LITERAL_CONVERSION = YES;
				CLANG_WARN_OBJC_ROOT_CLASS = YES_ERROR;
				CLANG_WARN_QUOTED_INCLUDE_IN_FRAMEWORK_HEADER = YES;
				CLANG_WARN_RANGE_LOOP_ANALYSIS = YES;
				CLANG_WARN_STRICT_PROTOTYPES = YES;
				CLANG_WARN_SUSPICIOUS_MOVE = YES;
				CLANG_WARN_UNGUARDED_AVAILABILITY = YES_AGGRESSIVE;
				CLANG_WARN_UNREACHABLE_CODE = YES;
				CLANG_WARN__DUPLICATE_METHOD_MATCH = YES;
				COPY_PHASE_STRIP = NO;
				DEBUG_INFORMATION_FORMAT = "dwarf-with-dsym";
				ENABLE_NS_ASSERTIONS = NO;
				ENABLE_STRICT_OBJC_MSGSEND = YES;
				ENABLE_USER_SCRIPT_SANDBOXING = YES;
				GCC_C_LANGUAGE_STANDARD = gnu17;
				GCC_NO_COMMON_BLOCKS = YES;
				GCC_WARN_64_TO_32_BIT_CONVERSION = YES;
				GCC_WARN_ABOUT_RETURN_TYPE = YES_ERROR;
				GCC_WARN_UNDECLARED_SELECTOR = YES;
				GCC_WARN_UNINITIALIZED_AUTOS = YES_AGGRESSIVE;
				GCC_WARN_UNUSED_FUNCTION = YES;
				GCC_WARN_UNUSED_VARIABLE = YES;
				IPHONEOS_DEPLOYMENT_TARGET = 17.2;
				LOCALIZATION_PREFERS_STRING_CATALOGS = YES;
				MTL_ENABLE_DEBUG_INFO = NO;
				MTL_FAST_MATH = YES;
				SDKROOT = iphoneos;
				SWIFT_COMPILATION_MODE = wholemodule;
				VALIDATE_PRODUCT = YES;
			};
			name = Release;
		};
		4843F3482B884F74004450DB /* Debug */ = {
			isa = XCBuildConfiguration;
			buildSettings = {
				ASSETCATALOG_COMPILER_APPICON_NAME = AppIcon;
				ASSETCATALOG_COMPILER_GLOBAL_ACCENT_COLOR_NAME = AccentColor;
				CODE_SIGN_STYLE = Automatic;
				CURRENT_PROJECT_VERSION = 1;
				GENERATE_INFOPLIST_FILE = YES;
				INFOPLIST_FILE = IOSPROJECTTEAM04/Info.plist;
				INFOPLIST_KEY_UIApplicationSupportsIndirectInputEvents = YES;
				INFOPLIST_KEY_UILaunchStoryboardName = LaunchScreen;
				INFOPLIST_KEY_UIMainStoryboardFile = Main;
				INFOPLIST_KEY_UISupportedInterfaceOrientations_iPad = "UIInterfaceOrientationPortrait UIInterfaceOrientationPortraitUpsideDown UIInterfaceOrientationLandscapeLeft UIInterfaceOrientationLandscapeRight";
				INFOPLIST_KEY_UISupportedInterfaceOrientations_iPhone = "UIInterfaceOrientationPortrait UIInterfaceOrientationLandscapeLeft UIInterfaceOrientationLandscapeRight";
				LD_RUNPATH_SEARCH_PATHS = (
					"$(inherited)",
					"@executable_path/Frameworks",
				);
				MARKETING_VERSION = 1.0;
				PRODUCT_BUNDLE_IDENTIFIER = edu.nwmissouri.spring24.cs44643.sec02.IOSPROJECTTEAM04;
				PRODUCT_NAME = "$(TARGET_NAME)";
				SWIFT_EMIT_LOC_STRINGS = YES;
				SWIFT_VERSION = 5.0;
				TARGETED_DEVICE_FAMILY = "1,2";
			};
			name = Debug;
		};
		4843F3492B884F74004450DB /* Release */ = {
			isa = XCBuildConfiguration;
			buildSettings = {
				ASSETCATALOG_COMPILER_APPICON_NAME = AppIcon;
				ASSETCATALOG_COMPILER_GLOBAL_ACCENT_COLOR_NAME = AccentColor;
				CODE_SIGN_STYLE = Automatic;
				CURRENT_PROJECT_VERSION = 1;
				GENERATE_INFOPLIST_FILE = YES;
				INFOPLIST_FILE = IOSPROJECTTEAM04/Info.plist;
				INFOPLIST_KEY_UIApplicationSupportsIndirectInputEvents = YES;
				INFOPLIST_KEY_UILaunchStoryboardName = LaunchScreen;
				INFOPLIST_KEY_UIMainStoryboardFile = Main;
				INFOPLIST_KEY_UISupportedInterfaceOrientations_iPad = "UIInterfaceOrientationPortrait UIInterfaceOrientationPortraitUpsideDown UIInterfaceOrientationLandscapeLeft UIInterfaceOrientationLandscapeRight";
				INFOPLIST_KEY_UISupportedInterfaceOrientations_iPhone = "UIInterfaceOrientationPortrait UIInterfaceOrientationLandscapeLeft UIInterfaceOrientationLandscapeRight";
				LD_RUNPATH_SEARCH_PATHS = (
					"$(inherited)",
					"@executable_path/Frameworks",
				);
				MARKETING_VERSION = 1.0;
				PRODUCT_BUNDLE_IDENTIFIER = edu.nwmissouri.spring24.cs44643.sec02.IOSPROJECTTEAM04;
				PRODUCT_NAME = "$(TARGET_NAME)";
				SWIFT_EMIT_LOC_STRINGS = YES;
				SWIFT_VERSION = 5.0;
				TARGETED_DEVICE_FAMILY = "1,2";
			};
			name = Release;
		};
		4843F34B2B884F74004450DB /* Debug */ = {
			isa = XCBuildConfiguration;
			buildSettings = {
				ALWAYS_EMBED_SWIFT_STANDARD_LIBRARIES = YES;
				BUNDLE_LOADER = "$(TEST_HOST)";
				CODE_SIGN_STYLE = Automatic;
				CURRENT_PROJECT_VERSION = 1;
				GENERATE_INFOPLIST_FILE = YES;
				IPHONEOS_DEPLOYMENT_TARGET = 17.2;
				MARKETING_VERSION = 1.0;
				PRODUCT_BUNDLE_IDENTIFIER = edu.nwmissouri.spring24.cs44643.sec02.IOSPROJECTTEAM04Tests;
				PRODUCT_NAME = "$(TARGET_NAME)";
				SWIFT_EMIT_LOC_STRINGS = NO;
				SWIFT_VERSION = 5.0;
				TARGETED_DEVICE_FAMILY = "1,2";
				TEST_HOST = "$(BUILT_PRODUCTS_DIR)/IOSPROJECTTEAM04.app/$(BUNDLE_EXECUTABLE_FOLDER_PATH)/IOSPROJECTTEAM04";
			};
			name = Debug;
		};
		4843F34C2B884F74004450DB /* Release */ = {
			isa = XCBuildConfiguration;
			buildSettings = {
				ALWAYS_EMBED_SWIFT_STANDARD_LIBRARIES = YES;
				BUNDLE_LOADER = "$(TEST_HOST)";
				CODE_SIGN_STYLE = Automatic;
				CURRENT_PROJECT_VERSION = 1;
				GENERATE_INFOPLIST_FILE = YES;
				IPHONEOS_DEPLOYMENT_TARGET = 17.2;
				MARKETING_VERSION = 1.0;
				PRODUCT_BUNDLE_IDENTIFIER = edu.nwmissouri.spring24.cs44643.sec02.IOSPROJECTTEAM04Tests;
				PRODUCT_NAME = "$(TARGET_NAME)";
				SWIFT_EMIT_LOC_STRINGS = NO;
				SWIFT_VERSION = 5.0;
				TARGETED_DEVICE_FAMILY = "1,2";
				TEST_HOST = "$(BUILT_PRODUCTS_DIR)/IOSPROJECTTEAM04.app/$(BUNDLE_EXECUTABLE_FOLDER_PATH)/IOSPROJECTTEAM04";
			};
			name = Release;
		};
		4843F34E2B884F74004450DB /* Debug */ = {
			isa = XCBuildConfiguration;
			buildSettings = {
				ALWAYS_EMBED_SWIFT_STANDARD_LIBRARIES = YES;
				CODE_SIGN_STYLE = Automatic;
				CURRENT_PROJECT_VERSION = 1;
				GENERATE_INFOPLIST_FILE = YES;
				MARKETING_VERSION = 1.0;
				PRODUCT_BUNDLE_IDENTIFIER = edu.nwmissouri.spring24.cs44643.sec02.IOSPROJECTTEAM04UITests;
				PRODUCT_NAME = "$(TARGET_NAME)";
				SWIFT_EMIT_LOC_STRINGS = NO;
				SWIFT_VERSION = 5.0;
				TARGETED_DEVICE_FAMILY = "1,2";
				TEST_TARGET_NAME = IOSPROJECTTEAM04;
			};
			name = Debug;
		};
		4843F34F2B884F74004450DB /* Release */ = {
			isa = XCBuildConfiguration;
			buildSettings = {
				ALWAYS_EMBED_SWIFT_STANDARD_LIBRARIES = YES;
				CODE_SIGN_STYLE = Automatic;
				CURRENT_PROJECT_VERSION = 1;
				GENERATE_INFOPLIST_FILE = YES;
				MARKETING_VERSION = 1.0;
				PRODUCT_BUNDLE_IDENTIFIER = edu.nwmissouri.spring24.cs44643.sec02.IOSPROJECTTEAM04UITests;
				PRODUCT_NAME = "$(TARGET_NAME)";
				SWIFT_EMIT_LOC_STRINGS = NO;
				SWIFT_VERSION = 5.0;
				TARGETED_DEVICE_FAMILY = "1,2";
				TEST_TARGET_NAME = IOSPROJECTTEAM04;
			};
			name = Release;
		};
/* End XCBuildConfiguration section */

/* Begin XCConfigurationList section */
		4843F3182B884F6C004450DB /* Build configuration list for PBXProject "IOSPROJECTTEAM04" */ = {
			isa = XCConfigurationList;
			buildConfigurations = (
				4843F3452B884F74004450DB /* Debug */,
				4843F3462B884F74004450DB /* Release */,
			);
			defaultConfigurationIsVisible = 0;
			defaultConfigurationName = Release;
		};
		4843F3472B884F74004450DB /* Build configuration list for PBXNativeTarget "IOSPROJECTTEAM04" */ = {
			isa = XCConfigurationList;
			buildConfigurations = (
				4843F3482B884F74004450DB /* Debug */,
				4843F3492B884F74004450DB /* Release */,
			);
			defaultConfigurationIsVisible = 0;
			defaultConfigurationName = Release;
		};
		4843F34A2B884F74004450DB /* Build configuration list for PBXNativeTarget "IOSPROJECTTEAM04Tests" */ = {
			isa = XCConfigurationList;
			buildConfigurations = (
				4843F34B2B884F74004450DB /* Debug */,
				4843F34C2B884F74004450DB /* Release */,
			);
			defaultConfigurationIsVisible = 0;
			defaultConfigurationName = Release;
		};
		4843F34D2B884F74004450DB /* Build configuration list for PBXNativeTarget "IOSPROJECTTEAM04UITests" */ = {
			isa = XCConfigurationList;
			buildConfigurations = (
				4843F34E2B884F74004450DB /* Debug */,
				4843F34F2B884F74004450DB /* Release */,
			);
			defaultConfigurationIsVisible = 0;
			defaultConfigurationName = Release;
		};
/* End XCConfigurationList section */
	};
	rootObject = 4843F3152B884F6C004450DB /* Project object */;
}
